
Microsoft Visual Studio Solution File, Format Version 12.00
# Visual Studio Version 17
VisualStudioVersion = 17.11.35312.102
MinimumVisualStudioVersion = 10.0.40219.1
Project("{9A19103F-16F7-4668-BE54-9A1E7A4F7556}") = "FishingStore.Web", "FishingStore.Web\FishingStore.Web.csproj", "{58F2D4B2-B27C-4989-8D76-DABBD68CD26F}"
EndProject
Project("{9A19103F-16F7-4668-BE54-9A1E7A4F7556}") = "FishingStore.Data", "FishingStore.Data\FishingStore.Data.csproj", "{4D3FD222-6871-4CD9-A935-F4172C894060}"
EndProject
Project("{9A19103F-16F7-4668-BE54-9A1E7A4F7556}") = "FishingStore.Data.Models", "FishingStore.Data.Models\FishingStore.Data.Models.csproj", "{30BE0A91-0344-491B-BECE-1D59AF4150E0}"
EndProject
Project("{2150E333-8FDC-42A3-9474-1A3956D46DE8}") = "Data", "Data", "{60365411-45C9-45BA-8647-D4E1B8A59823}"
EndProject
Project("{2150E333-8FDC-42A3-9474-1A3956D46DE8}") = "Web", "Web", "{5B7CC567-54A1-454B-9D47-F9FD1140F1AC}"
EndProject
Project("{FAE04EC0-301F-11D3-BF4B-00C04F79EFBC}") = "FishingStore.Common", "FishingStore.Common\FishingStore.Common.csproj", "{2208E5F3-D651-4097-A124-C1483738BC1F}"
EndProject
Global
	GlobalSection(SolutionConfigurationPlatforms) = preSolution
		Debug|Any CPU = Debug|Any CPU
		Release|Any CPU = Release|Any CPU
	EndGlobalSection
	GlobalSection(ProjectConfigurationPlatforms) = postSolution
		{58F2D4B2-B27C-4989-8D76-DABBD68CD26F}.Debug|Any CPU.ActiveCfg = Debug|Any CPU
		{58F2D4B2-B27C-4989-8D76-DABBD68CD26F}.Debug|Any CPU.Build.0 = Debug|Any CPU
		{58F2D4B2-B27C-4989-8D76-DABBD68CD26F}.Release|Any CPU.ActiveCfg = Release|Any CPU
		{58F2D4B2-B27C-4989-8D76-DABBD68CD26F}.Release|Any CPU.Build.0 = Release|Any CPU
		{4D3FD222-6871-4CD9-A935-F4172C894060}.Debug|Any CPU.ActiveCfg = Debug|Any CPU
		{4D3FD222-6871-4CD9-A935-F4172C894060}.Debug|Any CPU.Build.0 = Debug|Any CPU
		{4D3FD222-6871-4CD9-A935-F4172C894060}.Release|Any CPU.ActiveCfg = Release|Any CPU
		{4D3FD222-6871-4CD9-A935-F4172C894060}.Release|Any CPU.Build.0 = Release|Any CPU
		{30BE0A91-0344-491B-BECE-1D59AF4150E0}.Debug|Any CPU.ActiveCfg = Debug|Any CPU
		{30BE0A91-0344-491B-BECE-1D59AF4150E0}.Debug|Any CPU.Build.0 = Debug|Any CPU
		{30BE0A91-0344-491B-BECE-1D59AF4150E0}.Release|Any CPU.ActiveCfg = Release|Any CPU
		{30BE0A91-0344-491B-BECE-1D59AF4150E0}.Release|Any CPU.Build.0 = Release|Any CPU
		{2208E5F3-D651-4097-A124-C1483738BC1F}.Debug|Any CPU.ActiveCfg = Debug|Any CPU
		{2208E5F3-D651-4097-A124-C1483738BC1F}.Debug|Any CPU.Build.0 = Debug|Any CPU
		{2208E5F3-D651-4097-A124-C1483738BC1F}.Release|Any CPU.ActiveCfg = Release|Any CPU
		{2208E5F3-D651-4097-A124-C1483738BC1F}.Release|Any CPU.Build.0 = Release|Any CPU
	EndGlobalSection
	GlobalSection(SolutionProperties) = preSolution
		HideSolutionNode = FALSE
	EndGlobalSection
	GlobalSection(NestedProjects) = preSolution
		{58F2D4B2-B27C-4989-8D76-DABBD68CD26F} = {5B7CC567-54A1-454B-9D47-F9FD1140F1AC}
		{4D3FD222-6871-4CD9-A935-F4172C894060} = {60365411-45C9-45BA-8647-D4E1B8A59823}
		{30BE0A91-0344-491B-BECE-1D59AF4150E0} = {60365411-45C9-45BA-8647-D4E1B8A59823}
	EndGlobalSection
	GlobalSection(ExtensibilityGlobals) = postSolution
		SolutionGuid = {E42B6DD8-4419-4D57-85EC-C13D69CE661B}
	EndGlobalSection
EndGlobal
